// !$*UTF8*$!
{
	archiveVersion = 1;
	classes = {
	};
	objectVersion = 56;
	objects = {

/* Begin PBXBuildFile section */
		8A6A73092C65556A007592C0 /* AppDelegate.swift in Sources */ = {isa = PBXBuildFile; fileRef = 8A6A73082C65556A007592C0 /* AppDelegate.swift */; };
		8A6A730B2C65556A007592C0 /* SceneDelegate.swift in Sources */ = {isa = PBXBuildFile; fileRef = 8A6A730A2C65556A007592C0 /* SceneDelegate.swift */; };
		8A6A730D2C65556A007592C0 /* FavoritesListVC.swift in Sources */ = {isa = PBXBuildFile; fileRef = 8A6A730C2C65556A007592C0 /* FavoritesListVC.swift */; };
		8A6A73122C65556C007592C0 /* Assets.xcassets in Resources */ = {isa = PBXBuildFile; fileRef = 8A6A73112C65556C007592C0 /* Assets.xcassets */; };
		8A6A73152C65556C007592C0 /* Base in Resources */ = {isa = PBXBuildFile; fileRef = 8A6A73142C65556C007592C0 /* Base */; };
		8A6A73202C65556D007592C0 /* GitHubFollowersTests.swift in Sources */ = {isa = PBXBuildFile; fileRef = 8A6A731F2C65556D007592C0 /* GitHubFollowersTests.swift */; };
		8A6A732A2C65556D007592C0 /* GitHubFollowersUITests.swift in Sources */ = {isa = PBXBuildFile; fileRef = 8A6A73292C65556D007592C0 /* GitHubFollowersUITests.swift */; };
		8A6A732C2C65556D007592C0 /* GitHubFollowersUITestsLaunchTests.swift in Sources */ = {isa = PBXBuildFile; fileRef = 8A6A732B2C65556D007592C0 /* GitHubFollowersUITestsLaunchTests.swift */; };
		8A6A733A2C65877C007592C0 /* SearchVC.swift in Sources */ = {isa = PBXBuildFile; fileRef = 8A6A73392C65877C007592C0 /* SearchVC.swift */; };
		8A6A733C2C658B76007592C0 /* GHButton.swift in Sources */ = {isa = PBXBuildFile; fileRef = 8A6A733B2C658B76007592C0 /* GHButton.swift */; };
		8AB3A54B2C6D27B10005A32E /* UserInfoVC.swift in Sources */ = {isa = PBXBuildFile; fileRef = 8AB3A54A2C6D27B10005A32E /* UserInfoVC.swift */; };
		8AB3A54D2C6D5AE60005A32E /* GHRoundedSubVC.swift in Sources */ = {isa = PBXBuildFile; fileRef = 8AB3A54C2C6D5AE60005A32E /* GHRoundedSubVC.swift */; };
		8AB3A54F2C6D5BB80005A32E /* GHIconLabelView.swift in Sources */ = {isa = PBXBuildFile; fileRef = 8AB3A54E2C6D5BB80005A32E /* GHIconLabelView.swift */; };
		8AB3A5512C6D65C20005A32E /* GHIconLabelValueView.swift in Sources */ = {isa = PBXBuildFile; fileRef = 8AB3A5502C6D65C20005A32E /* GHIconLabelValueView.swift */; };
		8AB3A5532C6DCF380005A32E /* String+ConvertDate.swift in Sources */ = {isa = PBXBuildFile; fileRef = 8AB3A5522C6DCF380005A32E /* String+ConvertDate.swift */; };
		8AB3A5552C6DCF5A0005A32E /* Date+Convert.swift in Sources */ = {isa = PBXBuildFile; fileRef = 8AB3A5542C6DCF5A0005A32E /* Date+Convert.swift */; };
		8AC456C82C6ABC20000EA29B /* GHUsernameTextField.swift in Sources */ = {isa = PBXBuildFile; fileRef = 8AC456C72C6ABC20000EA29B /* GHUsernameTextField.swift */; };
		8AC456CB2C6ABF06000EA29B /* Localizable.xcstrings in Resources */ = {isa = PBXBuildFile; fileRef = 8AC456CA2C6ABF06000EA29B /* Localizable.xcstrings */; };
		8AC456CE2C6AC3FB000EA29B /* GHImages.swift in Sources */ = {isa = PBXBuildFile; fileRef = 8AC456CD2C6AC3FB000EA29B /* GHImages.swift */; };
		8AC456D32C6ADB8A000EA29B /* FollowersListVC.swift in Sources */ = {isa = PBXBuildFile; fileRef = 8AC456D22C6ADB8A000EA29B /* FollowersListVC.swift */; };
		8AC456D52C6AE8A9000EA29B /* GHTitleLabel.swift in Sources */ = {isa = PBXBuildFile; fileRef = 8AC456D42C6AE8A9000EA29B /* GHTitleLabel.swift */; };
		8AC456D72C6AEA01000EA29B /* GHBodyLabel.swift in Sources */ = {isa = PBXBuildFile; fileRef = 8AC456D62C6AEA01000EA29B /* GHBodyLabel.swift */; };
		8AC456D92C6AEB0E000EA29B /* GHAlertVC.swift in Sources */ = {isa = PBXBuildFile; fileRef = 8AC456D82C6AEB0E000EA29B /* GHAlertVC.swift */; };
		8AE7BC5B2C6BCD33001C6E83 /* UIViewController+PresentFullScreen.swift in Sources */ = {isa = PBXBuildFile; fileRef = 8AE7BC5A2C6BCD33001C6E83 /* UIViewController+PresentFullScreen.swift */; };
		8AE7BC5E2C6BE002001C6E83 /* Follower.swift in Sources */ = {isa = PBXBuildFile; fileRef = 8AE7BC5D2C6BE002001C6E83 /* Follower.swift */; };
		8AE7BC602C6BE15C001C6E83 /* User.swift in Sources */ = {isa = PBXBuildFile; fileRef = 8AE7BC5F2C6BE15C001C6E83 /* User.swift */; };
		8AE7BC632C6BE7EF001C6E83 /* NetworkManager.swift in Sources */ = {isa = PBXBuildFile; fileRef = 8AE7BC622C6BE7EF001C6E83 /* NetworkManager.swift */; };
		8AE7BC652C6BFCA6001C6E83 /* GHError.swift in Sources */ = {isa = PBXBuildFile; fileRef = 8AE7BC642C6BFCA6001C6E83 /* GHError.swift */; };
		8AE7BC682C6C0263001C6E83 /* GHFollowerCollectionViewCell.swift in Sources */ = {isa = PBXBuildFile; fileRef = 8AE7BC672C6C0263001C6E83 /* GHFollowerCollectionViewCell.swift */; };
		8AE7BC6A2C6C02DF001C6E83 /* GHAvatarImageView.swift in Sources */ = {isa = PBXBuildFile; fileRef = 8AE7BC692C6C02DF001C6E83 /* GHAvatarImageView.swift */; };
		8AE7BC6C2C6C2208001C6E83 /* UICollectionViewLayout+ThreeColumnFlowLayout.swift in Sources */ = {isa = PBXBuildFile; fileRef = 8AE7BC6B2C6C2208001C6E83 /* UICollectionViewLayout+ThreeColumnFlowLayout.swift */; };
		8AE7BC6E2C6C2328001C6E83 /* DebugData.swift in Sources */ = {isa = PBXBuildFile; fileRef = 8AE7BC6D2C6C2328001C6E83 /* DebugData.swift */; };
		8AE7BC702C6C3516001C6E83 /* GHLoadingVC.swift in Sources */ = {isa = PBXBuildFile; fileRef = 8AE7BC6F2C6C3516001C6E83 /* GHLoadingVC.swift */; };
		8AE7BC722C6C50FF001C6E83 /* GHEmptyVC.swift in Sources */ = {isa = PBXBuildFile; fileRef = 8AE7BC712C6C50FF001C6E83 /* GHEmptyVC.swift */; };
/* End PBXBuildFile section */

/* Begin PBXContainerItemProxy section */
		8A6A731C2C65556D007592C0 /* PBXContainerItemProxy */ = {
			isa = PBXContainerItemProxy;
			containerPortal = 8A6A72FD2C65556A007592C0 /* Project object */;
			proxyType = 1;
			remoteGlobalIDString = 8A6A73042C65556A007592C0;
			remoteInfo = GitHubFollowers;
		};
		8A6A73262C65556D007592C0 /* PBXContainerItemProxy */ = {
			isa = PBXContainerItemProxy;
			containerPortal = 8A6A72FD2C65556A007592C0 /* Project object */;
			proxyType = 1;
			remoteGlobalIDString = 8A6A73042C65556A007592C0;
			remoteInfo = GitHubFollowers;
		};
/* End PBXContainerItemProxy section */

/* Begin PBXFileReference section */
		8A6A73052C65556A007592C0 /* GitHubFollowers.app */ = {isa = PBXFileReference; explicitFileType = wrapper.application; includeInIndex = 0; path = GitHubFollowers.app; sourceTree = BUILT_PRODUCTS_DIR; };
		8A6A73082C65556A007592C0 /* AppDelegate.swift */ = {isa = PBXFileReference; lastKnownFileType = sourcecode.swift; path = AppDelegate.swift; sourceTree = "<group>"; };
		8A6A730A2C65556A007592C0 /* SceneDelegate.swift */ = {isa = PBXFileReference; lastKnownFileType = sourcecode.swift; path = SceneDelegate.swift; sourceTree = "<group>"; };
		8A6A730C2C65556A007592C0 /* FavoritesListVC.swift */ = {isa = PBXFileReference; lastKnownFileType = sourcecode.swift; path = FavoritesListVC.swift; sourceTree = "<group>"; };
		8A6A73112C65556C007592C0 /* Assets.xcassets */ = {isa = PBXFileReference; lastKnownFileType = folder.assetcatalog; path = Assets.xcassets; sourceTree = "<group>"; };
		8A6A73142C65556C007592C0 /* Base */ = {isa = PBXFileReference; lastKnownFileType = file.storyboard; name = Base; path = Base.lproj/LaunchScreen.storyboard; sourceTree = "<group>"; };
		8A6A73162C65556C007592C0 /* Info.plist */ = {isa = PBXFileReference; lastKnownFileType = text.plist.xml; path = Info.plist; sourceTree = "<group>"; };
		8A6A731B2C65556D007592C0 /* GitHubFollowersTests.xctest */ = {isa = PBXFileReference; explicitFileType = wrapper.cfbundle; includeInIndex = 0; path = GitHubFollowersTests.xctest; sourceTree = BUILT_PRODUCTS_DIR; };
		8A6A731F2C65556D007592C0 /* GitHubFollowersTests.swift */ = {isa = PBXFileReference; lastKnownFileType = sourcecode.swift; path = GitHubFollowersTests.swift; sourceTree = "<group>"; };
		8A6A73252C65556D007592C0 /* GitHubFollowersUITests.xctest */ = {isa = PBXFileReference; explicitFileType = wrapper.cfbundle; includeInIndex = 0; path = GitHubFollowersUITests.xctest; sourceTree = BUILT_PRODUCTS_DIR; };
		8A6A73292C65556D007592C0 /* GitHubFollowersUITests.swift */ = {isa = PBXFileReference; lastKnownFileType = sourcecode.swift; path = GitHubFollowersUITests.swift; sourceTree = "<group>"; };
		8A6A732B2C65556D007592C0 /* GitHubFollowersUITestsLaunchTests.swift */ = {isa = PBXFileReference; lastKnownFileType = sourcecode.swift; path = GitHubFollowersUITestsLaunchTests.swift; sourceTree = "<group>"; };
		8A6A73392C65877C007592C0 /* SearchVC.swift */ = {isa = PBXFileReference; lastKnownFileType = sourcecode.swift; path = SearchVC.swift; sourceTree = "<group>"; };
		8A6A733B2C658B76007592C0 /* GHButton.swift */ = {isa = PBXFileReference; lastKnownFileType = sourcecode.swift; path = GHButton.swift; sourceTree = "<group>"; };
		8AB3A54A2C6D27B10005A32E /* UserInfoVC.swift */ = {isa = PBXFileReference; lastKnownFileType = sourcecode.swift; path = UserInfoVC.swift; sourceTree = "<group>"; };
		8AB3A54C2C6D5AE60005A32E /* GHRoundedSubVC.swift */ = {isa = PBXFileReference; lastKnownFileType = sourcecode.swift; path = GHRoundedSubVC.swift; sourceTree = "<group>"; };
		8AB3A54E2C6D5BB80005A32E /* GHIconLabelView.swift */ = {isa = PBXFileReference; lastKnownFileType = sourcecode.swift; path = GHIconLabelView.swift; sourceTree = "<group>"; };
		8AB3A5502C6D65C20005A32E /* GHIconLabelValueView.swift */ = {isa = PBXFileReference; lastKnownFileType = sourcecode.swift; path = GHIconLabelValueView.swift; sourceTree = "<group>"; };
		8AB3A5522C6DCF380005A32E /* String+ConvertDate.swift */ = {isa = PBXFileReference; lastKnownFileType = sourcecode.swift; path = "String+ConvertDate.swift"; sourceTree = "<group>"; };
		8AB3A5542C6DCF5A0005A32E /* Date+Convert.swift */ = {isa = PBXFileReference; lastKnownFileType = sourcecode.swift; path = "Date+Convert.swift"; sourceTree = "<group>"; };
		8AC456C72C6ABC20000EA29B /* GHUsernameTextField.swift */ = {isa = PBXFileReference; lastKnownFileType = sourcecode.swift; path = GHUsernameTextField.swift; sourceTree = "<group>"; };
		8AC456CA2C6ABF06000EA29B /* Localizable.xcstrings */ = {isa = PBXFileReference; lastKnownFileType = text.json.xcstrings; path = Localizable.xcstrings; sourceTree = "<group>"; };
		8AC456CD2C6AC3FB000EA29B /* GHImages.swift */ = {isa = PBXFileReference; lastKnownFileType = sourcecode.swift; path = GHImages.swift; sourceTree = "<group>"; };
		8AC456D22C6ADB8A000EA29B /* FollowersListVC.swift */ = {isa = PBXFileReference; lastKnownFileType = sourcecode.swift; path = FollowersListVC.swift; sourceTree = "<group>"; };
		8AC456D42C6AE8A9000EA29B /* GHTitleLabel.swift */ = {isa = PBXFileReference; lastKnownFileType = sourcecode.swift; path = GHTitleLabel.swift; sourceTree = "<group>"; };
		8AC456D62C6AEA01000EA29B /* GHBodyLabel.swift */ = {isa = PBXFileReference; lastKnownFileType = sourcecode.swift; path = GHBodyLabel.swift; sourceTree = "<group>"; };
		8AC456D82C6AEB0E000EA29B /* GHAlertVC.swift */ = {isa = PBXFileReference; lastKnownFileType = sourcecode.swift; name = GHAlertVC.swift; path = GitHubFollowers/Views/GHAlertVC.swift; sourceTree = SOURCE_ROOT; };
		8AE7BC5A2C6BCD33001C6E83 /* UIViewController+PresentFullScreen.swift */ = {isa = PBXFileReference; lastKnownFileType = sourcecode.swift; path = "UIViewController+PresentFullScreen.swift"; sourceTree = "<group>"; };
		8AE7BC5D2C6BE002001C6E83 /* Follower.swift */ = {isa = PBXFileReference; lastKnownFileType = sourcecode.swift; path = Follower.swift; sourceTree = "<group>"; };
		8AE7BC5F2C6BE15C001C6E83 /* User.swift */ = {isa = PBXFileReference; lastKnownFileType = sourcecode.swift; path = User.swift; sourceTree = "<group>"; };
		8AE7BC622C6BE7EF001C6E83 /* NetworkManager.swift */ = {isa = PBXFileReference; lastKnownFileType = sourcecode.swift; path = NetworkManager.swift; sourceTree = "<group>"; };
		8AE7BC642C6BFCA6001C6E83 /* GHError.swift */ = {isa = PBXFileReference; lastKnownFileType = sourcecode.swift; path = GHError.swift; sourceTree = "<group>"; };
		8AE7BC672C6C0263001C6E83 /* GHFollowerCollectionViewCell.swift */ = {isa = PBXFileReference; lastKnownFileType = sourcecode.swift; path = GHFollowerCollectionViewCell.swift; sourceTree = "<group>"; };
		8AE7BC692C6C02DF001C6E83 /* GHAvatarImageView.swift */ = {isa = PBXFileReference; lastKnownFileType = sourcecode.swift; path = GHAvatarImageView.swift; sourceTree = "<group>"; };
		8AE7BC6B2C6C2208001C6E83 /* UICollectionViewLayout+ThreeColumnFlowLayout.swift */ = {isa = PBXFileReference; lastKnownFileType = sourcecode.swift; path = "UICollectionViewLayout+ThreeColumnFlowLayout.swift"; sourceTree = "<group>"; };
		8AE7BC6D2C6C2328001C6E83 /* DebugData.swift */ = {isa = PBXFileReference; lastKnownFileType = sourcecode.swift; path = DebugData.swift; sourceTree = "<group>"; };
		8AE7BC6F2C6C3516001C6E83 /* GHLoadingVC.swift */ = {isa = PBXFileReference; lastKnownFileType = sourcecode.swift; path = GHLoadingVC.swift; sourceTree = "<group>"; };
		8AE7BC712C6C50FF001C6E83 /* GHEmptyVC.swift */ = {isa = PBXFileReference; lastKnownFileType = sourcecode.swift; path = GHEmptyVC.swift; sourceTree = "<group>"; };
/* End PBXFileReference section */

/* Begin PBXFrameworksBuildPhase section */
		8A6A73022C65556A007592C0 /* Frameworks */ = {
			isa = PBXFrameworksBuildPhase;
			buildActionMask = 2147483647;
			files = (
			);
			runOnlyForDeploymentPostprocessing = 0;
		};
		8A6A73182C65556D007592C0 /* Frameworks */ = {
			isa = PBXFrameworksBuildPhase;
			buildActionMask = 2147483647;
			files = (
			);
			runOnlyForDeploymentPostprocessing = 0;
		};
		8A6A73222C65556D007592C0 /* Frameworks */ = {
			isa = PBXFrameworksBuildPhase;
			buildActionMask = 2147483647;
			files = (
			);
			runOnlyForDeploymentPostprocessing = 0;
		};
/* End PBXFrameworksBuildPhase section */

/* Begin PBXGroup section */
		8A6A72FC2C65556A007592C0 = {
			isa = PBXGroup;
			children = (
				8A6A73072C65556A007592C0 /* GitHubFollowers */,
				8A6A731E2C65556D007592C0 /* GitHubFollowersTests */,
				8A6A73282C65556D007592C0 /* GitHubFollowersUITests */,
				8A6A73062C65556A007592C0 /* Products */,
			);
			sourceTree = "<group>";
		};
		8A6A73062C65556A007592C0 /* Products */ = {
			isa = PBXGroup;
			children = (
				8A6A73052C65556A007592C0 /* GitHubFollowers.app */,
				8A6A731B2C65556D007592C0 /* GitHubFollowersTests.xctest */,
				8A6A73252C65556D007592C0 /* GitHubFollowersUITests.xctest */,
			);
			name = Products;
			sourceTree = "<group>";
		};
		8A6A73072C65556A007592C0 /* GitHubFollowers */ = {
			isa = PBXGroup;
			children = (
				8AE7BC612C6BE7D3001C6E83 /* Managers */,
				8AE7BC5C2C6BDFF9001C6E83 /* Models */,
				8AC456D12C6ADB4A000EA29B /* AppInit */,
				8AC456CF2C6ADB05000EA29B /* Views */,
				8AC456CC2C6AC3E4000EA29B /* Helpers */,
				8AC456C92C6ABEF3000EA29B /* Resources */,
				8A6A73162C65556C007592C0 /* Info.plist */,
			);
			path = GitHubFollowers;
			sourceTree = "<group>";
		};
		8A6A731E2C65556D007592C0 /* GitHubFollowersTests */ = {
			isa = PBXGroup;
			children = (
				8A6A731F2C65556D007592C0 /* GitHubFollowersTests.swift */,
			);
			path = GitHubFollowersTests;
			sourceTree = "<group>";
		};
		8A6A73282C65556D007592C0 /* GitHubFollowersUITests */ = {
			isa = PBXGroup;
			children = (
				8A6A73292C65556D007592C0 /* GitHubFollowersUITests.swift */,
				8A6A732B2C65556D007592C0 /* GitHubFollowersUITestsLaunchTests.swift */,
			);
			path = GitHubFollowersUITests;
			sourceTree = "<group>";
		};
		8AC456C92C6ABEF3000EA29B /* Resources */ = {
			isa = PBXGroup;
			children = (
				8A6A73112C65556C007592C0 /* Assets.xcassets */,
				8AC456CA2C6ABF06000EA29B /* Localizable.xcstrings */,
				8AE7BC6D2C6C2328001C6E83 /* DebugData.swift */,
			);
			path = Resources;
			sourceTree = "<group>";
		};
		8AC456CC2C6AC3E4000EA29B /* Helpers */ = {
			isa = PBXGroup;
			children = (
				8AE7BC592C6BCD21001C6E83 /* Extensions */,
				8AC456CD2C6AC3FB000EA29B /* GHImages.swift */,
				8AE7BC642C6BFCA6001C6E83 /* GHError.swift */,
			);
			path = Helpers;
			sourceTree = "<group>";
		};
		8AC456CF2C6ADB05000EA29B /* Views */ = {
			isa = PBXGroup;
			children = (
				8AC456D02C6ADB18000EA29B /* CustomViews */,
				8A6A73392C65877C007592C0 /* SearchVC.swift */,
				8A6A730C2C65556A007592C0 /* FavoritesListVC.swift */,
				8AC456D22C6ADB8A000EA29B /* FollowersListVC.swift */,
				8AB3A54A2C6D27B10005A32E /* UserInfoVC.swift */,
			);
			path = Views;
			sourceTree = "<group>";
		};
		8AC456D02C6ADB18000EA29B /* CustomViews */ = {
			isa = PBXGroup;
			children = (
				8AE7BC662C6C0239001C6E83 /* Cells */,
				8AC456D82C6AEB0E000EA29B /* GHAlertVC.swift */,
				8AE7BC692C6C02DF001C6E83 /* GHAvatarImageView.swift */,
				8AC456D62C6AEA01000EA29B /* GHBodyLabel.swift */,
				8A6A733B2C658B76007592C0 /* GHButton.swift */,
				8AE7BC712C6C50FF001C6E83 /* GHEmptyVC.swift */,
				8AB3A5502C6D65C20005A32E /* GHIconLabelValueView.swift */,
				8AB3A54E2C6D5BB80005A32E /* GHIconLabelView.swift */,
				8AE7BC6F2C6C3516001C6E83 /* GHLoadingVC.swift */,
				8AB3A54C2C6D5AE60005A32E /* GHRoundedSubVC.swift */,
				8AC456D42C6AE8A9000EA29B /* GHTitleLabel.swift */,
				8AC456C72C6ABC20000EA29B /* GHUsernameTextField.swift */,
			);
			path = CustomViews;
			sourceTree = "<group>";
		};
		8AC456D12C6ADB4A000EA29B /* AppInit */ = {
			isa = PBXGroup;
			children = (
				8A6A73082C65556A007592C0 /* AppDelegate.swift */,
				8A6A730A2C65556A007592C0 /* SceneDelegate.swift */,
				8A6A73132C65556C007592C0 /* LaunchScreen.storyboard */,
			);
			path = AppInit;
			sourceTree = "<group>";
		};
		8AE7BC592C6BCD21001C6E83 /* Extensions */ = {
			isa = PBXGroup;
			children = (
				8AE7BC5A2C6BCD33001C6E83 /* UIViewController+PresentFullScreen.swift */,
				8AE7BC6B2C6C2208001C6E83 /* UICollectionViewLayout+ThreeColumnFlowLayout.swift */,
				8AB3A5522C6DCF380005A32E /* String+ConvertDate.swift */,
				8AB3A5542C6DCF5A0005A32E /* Date+Convert.swift */,
			);
			path = Extensions;
			sourceTree = "<group>";
		};
		8AE7BC5C2C6BDFF9001C6E83 /* Models */ = {
			isa = PBXGroup;
			children = (
				8AE7BC5D2C6BE002001C6E83 /* Follower.swift */,
				8AE7BC5F2C6BE15C001C6E83 /* User.swift */,
			);
			path = Models;
			sourceTree = "<group>";
		};
		8AE7BC612C6BE7D3001C6E83 /* Managers */ = {
			isa = PBXGroup;
			children = (
				8AE7BC622C6BE7EF001C6E83 /* NetworkManager.swift */,
			);
			path = Managers;
			sourceTree = "<group>";
		};
		8AE7BC662C6C0239001C6E83 /* Cells */ = {
			isa = PBXGroup;
			children = (
				8AE7BC672C6C0263001C6E83 /* GHFollowerCollectionViewCell.swift */,
			);
			path = Cells;
			sourceTree = "<group>";
		};
/* End PBXGroup section */

/* Begin PBXNativeTarget section */
		8A6A73042C65556A007592C0 /* GitHubFollowers */ = {
			isa = PBXNativeTarget;
			buildConfigurationList = 8A6A732F2C65556D007592C0 /* Build configuration list for PBXNativeTarget "GitHubFollowers" */;
			buildPhases = (
				8A6A73012C65556A007592C0 /* Sources */,
				8A6A73022C65556A007592C0 /* Frameworks */,
				8A6A73382C655879007592C0 /* Swiftlint Script */,
				8A6A73032C65556A007592C0 /* Resources */,
			);
			buildRules = (
			);
			dependencies = (
			);
			name = GitHubFollowers;
			productName = GitHubFollowers;
			productReference = 8A6A73052C65556A007592C0 /* GitHubFollowers.app */;
			productType = "com.apple.product-type.application";
		};
		8A6A731A2C65556D007592C0 /* GitHubFollowersTests */ = {
			isa = PBXNativeTarget;
			buildConfigurationList = 8A6A73322C65556D007592C0 /* Build configuration list for PBXNativeTarget "GitHubFollowersTests" */;
			buildPhases = (
				8A6A73172C65556D007592C0 /* Sources */,
				8A6A73182C65556D007592C0 /* Frameworks */,
				8A6A73192C65556D007592C0 /* Resources */,
			);
			buildRules = (
			);
			dependencies = (
				8A6A731D2C65556D007592C0 /* PBXTargetDependency */,
			);
			name = GitHubFollowersTests;
			productName = GitHubFollowersTests;
			productReference = 8A6A731B2C65556D007592C0 /* GitHubFollowersTests.xctest */;
			productType = "com.apple.product-type.bundle.unit-test";
		};
		8A6A73242C65556D007592C0 /* GitHubFollowersUITests */ = {
			isa = PBXNativeTarget;
			buildConfigurationList = 8A6A73352C65556D007592C0 /* Build configuration list for PBXNativeTarget "GitHubFollowersUITests" */;
			buildPhases = (
				8A6A73212C65556D007592C0 /* Sources */,
				8A6A73222C65556D007592C0 /* Frameworks */,
				8A6A73232C65556D007592C0 /* Resources */,
			);
			buildRules = (
			);
			dependencies = (
				8A6A73272C65556D007592C0 /* PBXTargetDependency */,
			);
			name = GitHubFollowersUITests;
			productName = GitHubFollowersUITests;
			productReference = 8A6A73252C65556D007592C0 /* GitHubFollowersUITests.xctest */;
			productType = "com.apple.product-type.bundle.ui-testing";
		};
/* End PBXNativeTarget section */

/* Begin PBXProject section */
		8A6A72FD2C65556A007592C0 /* Project object */ = {
			isa = PBXProject;
			attributes = {
				BuildIndependentTargetsInParallel = 1;
				LastSwiftUpdateCheck = 1540;
				LastUpgradeCheck = 1540;
				TargetAttributes = {
					8A6A73042C65556A007592C0 = {
						CreatedOnToolsVersion = 15.4;
					};
					8A6A731A2C65556D007592C0 = {
						CreatedOnToolsVersion = 15.4;
						TestTargetID = 8A6A73042C65556A007592C0;
					};
					8A6A73242C65556D007592C0 = {
						CreatedOnToolsVersion = 15.4;
						TestTargetID = 8A6A73042C65556A007592C0;
					};
				};
			};
			buildConfigurationList = 8A6A73002C65556A007592C0 /* Build configuration list for PBXProject "GitHubFollowers" */;
			compatibilityVersion = "Xcode 14.0";
			developmentRegion = en;
			hasScannedForEncodings = 0;
			knownRegions = (
				en,
				Base,
				"es-419",
			);
			mainGroup = 8A6A72FC2C65556A007592C0;
			productRefGroup = 8A6A73062C65556A007592C0 /* Products */;
			projectDirPath = "";
			projectRoot = "";
			targets = (
				8A6A73042C65556A007592C0 /* GitHubFollowers */,
				8A6A731A2C65556D007592C0 /* GitHubFollowersTests */,
				8A6A73242C65556D007592C0 /* GitHubFollowersUITests */,
			);
		};
/* End PBXProject section */

/* Begin PBXResourcesBuildPhase section */
		8A6A73032C65556A007592C0 /* Resources */ = {
			isa = PBXResourcesBuildPhase;
			buildActionMask = 2147483647;
			files = (
				8A6A73122C65556C007592C0 /* Assets.xcassets in Resources */,
				8A6A73152C65556C007592C0 /* Base in Resources */,
				8AC456CB2C6ABF06000EA29B /* Localizable.xcstrings in Resources */,
			);
			runOnlyForDeploymentPostprocessing = 0;
		};
		8A6A73192C65556D007592C0 /* Resources */ = {
			isa = PBXResourcesBuildPhase;
			buildActionMask = 2147483647;
			files = (
			);
			runOnlyForDeploymentPostprocessing = 0;
		};
		8A6A73232C65556D007592C0 /* Resources */ = {
			isa = PBXResourcesBuildPhase;
			buildActionMask = 2147483647;
			files = (
			);
			runOnlyForDeploymentPostprocessing = 0;
		};
/* End PBXResourcesBuildPhase section */

/* Begin PBXShellScriptBuildPhase section */
		8A6A73382C655879007592C0 /* Swiftlint Script */ = {
			isa = PBXShellScriptBuildPhase;
			alwaysOutOfDate = 1;
			buildActionMask = 2147483647;
			files = (
			);
			inputFileListPaths = (
			);
			inputPaths = (
				"$(SRCROOT)/.swiftlint.yml",
				"$(SRCROOT)/GitHubFollowers",
				"$(SRCROOT)/GitHubFollowersTests",
				"$(SRCROOT)/GitHubFollowersUITests",
			);
			name = "Swiftlint Script";
			outputFileListPaths = (
			);
			outputPaths = (
			);
			runOnlyForDeploymentPostprocessing = 0;
			shellPath = /bin/sh;
			shellScript = "if test -d \"/opt/homebrew/bin/\"; then\n  PATH=\"/opt/homebrew/bin/:${PATH}\"\nfi\n\nexport PATH\n\nif which swiftlint >/dev/null; then\n  swiftlint\nelse\n  echo \"warning: SwiftLint not installed, download from https://github.com/realm/SwiftLint\"\nfi\n";
		};
/* End PBXShellScriptBuildPhase section */

/* Begin PBXSourcesBuildPhase section */
		8A6A73012C65556A007592C0 /* Sources */ = {
			isa = PBXSourcesBuildPhase;
			buildActionMask = 2147483647;
			files = (
				8A6A733A2C65877C007592C0 /* SearchVC.swift in Sources */,
				8AE7BC722C6C50FF001C6E83 /* GHEmptyVC.swift in Sources */,
				8A6A733C2C658B76007592C0 /* GHButton.swift in Sources */,
				8AE7BC5B2C6BCD33001C6E83 /* UIViewController+PresentFullScreen.swift in Sources */,
				8AE7BC6E2C6C2328001C6E83 /* DebugData.swift in Sources */,
				8AB3A5512C6D65C20005A32E /* GHIconLabelValueView.swift in Sources */,
				8AC456D32C6ADB8A000EA29B /* FollowersListVC.swift in Sources */,
				8AC456CE2C6AC3FB000EA29B /* GHImages.swift in Sources */,
				8AB3A54D2C6D5AE60005A32E /* GHRoundedSubVC.swift in Sources */,
				8AC456C82C6ABC20000EA29B /* GHUsernameTextField.swift in Sources */,
				8AE7BC602C6BE15C001C6E83 /* User.swift in Sources */,
				8A6A730D2C65556A007592C0 /* FavoritesListVC.swift in Sources */,
				8AE7BC5E2C6BE002001C6E83 /* Follower.swift in Sources */,
				8AC456D92C6AEB0E000EA29B /* GHAlertVC.swift in Sources */,
				8AE7BC6A2C6C02DF001C6E83 /* GHAvatarImageView.swift in Sources */,
				8A6A73092C65556A007592C0 /* AppDelegate.swift in Sources */,
				8AB3A5532C6DCF380005A32E /* String+ConvertDate.swift in Sources */,
				8AE7BC6C2C6C2208001C6E83 /* UICollectionViewLayout+ThreeColumnFlowLayout.swift in Sources */,
				8AE7BC682C6C0263001C6E83 /* GHFollowerCollectionViewCell.swift in Sources */,
				8AC456D52C6AE8A9000EA29B /* GHTitleLabel.swift in Sources */,
				8AE7BC652C6BFCA6001C6E83 /* GHError.swift in Sources */,
				8AE7BC632C6BE7EF001C6E83 /* NetworkManager.swift in Sources */,
				8AB3A54B2C6D27B10005A32E /* UserInfoVC.swift in Sources */,
				8AB3A5552C6DCF5A0005A32E /* Date+Convert.swift in Sources */,
				8AE7BC702C6C3516001C6E83 /* GHLoadingVC.swift in Sources */,
				8A6A730B2C65556A007592C0 /* SceneDelegate.swift in Sources */,
				8AC456D72C6AEA01000EA29B /* GHBodyLabel.swift in Sources */,
				8AB3A54F2C6D5BB80005A32E /* GHIconLabelView.swift in Sources */,
			);
			runOnlyForDeploymentPostprocessing = 0;
		};
		8A6A73172C65556D007592C0 /* Sources */ = {
			isa = PBXSourcesBuildPhase;
			buildActionMask = 2147483647;
			files = (
				8A6A73202C65556D007592C0 /* GitHubFollowersTests.swift in Sources */,
			);
			runOnlyForDeploymentPostprocessing = 0;
		};
		8A6A73212C65556D007592C0 /* Sources */ = {
			isa = PBXSourcesBuildPhase;
			buildActionMask = 2147483647;
			files = (
				8A6A732A2C65556D007592C0 /* GitHubFollowersUITests.swift in Sources */,
				8A6A732C2C65556D007592C0 /* GitHubFollowersUITestsLaunchTests.swift in Sources */,
			);
			runOnlyForDeploymentPostprocessing = 0;
		};
/* End PBXSourcesBuildPhase section */

/* Begin PBXTargetDependency section */
		8A6A731D2C65556D007592C0 /* PBXTargetDependency */ = {
			isa = PBXTargetDependency;
			target = 8A6A73042C65556A007592C0 /* GitHubFollowers */;
			targetProxy = 8A6A731C2C65556D007592C0 /* PBXContainerItemProxy */;
		};
		8A6A73272C65556D007592C0 /* PBXTargetDependency */ = {
			isa = PBXTargetDependency;
			target = 8A6A73042C65556A007592C0 /* GitHubFollowers */;
			targetProxy = 8A6A73262C65556D007592C0 /* PBXContainerItemProxy */;
		};
/* End PBXTargetDependency section */

/* Begin PBXVariantGroup section */
		8A6A73132C65556C007592C0 /* LaunchScreen.storyboard */ = {
			isa = PBXVariantGroup;
			children = (
				8A6A73142C65556C007592C0 /* Base */,
			);
			name = LaunchScreen.storyboard;
			sourceTree = "<group>";
		};
/* End PBXVariantGroup section */

/* Begin XCBuildConfiguration section */
		8A6A732D2C65556D007592C0 /* Debug */ = {
			isa = XCBuildConfiguration;
			buildSettings = {
				ALWAYS_SEARCH_USER_PATHS = NO;
				ASSETCATALOG_COMPILER_GENERATE_SWIFT_ASSET_SYMBOL_EXTENSIONS = YES;
				CLANG_ANALYZER_NONNULL = YES;
				CLANG_ANALYZER_NUMBER_OBJECT_CONVERSION = YES_AGGRESSIVE;
				CLANG_CXX_LANGUAGE_STANDARD = "gnu++20";
				CLANG_ENABLE_MODULES = YES;
				CLANG_ENABLE_OBJC_ARC = YES;
				CLANG_ENABLE_OBJC_WEAK = YES;
				CLANG_WARN_BLOCK_CAPTURE_AUTORELEASING = YES;
				CLANG_WARN_BOOL_CONVERSION = YES;
				CLANG_WARN_COMMA = YES;
				CLANG_WARN_CONSTANT_CONVERSION = YES;
				CLANG_WARN_DEPRECATED_OBJC_IMPLEMENTATIONS = YES;
				CLANG_WARN_DIRECT_OBJC_ISA_USAGE = YES_ERROR;
				CLANG_WARN_DOCUMENTATION_COMMENTS = YES;
				CLANG_WARN_EMPTY_BODY = YES;
				CLANG_WARN_ENUM_CONVERSION = YES;
				CLANG_WARN_INFINITE_RECURSION = YES;
				CLANG_WARN_INT_CONVERSION = YES;
				CLANG_WARN_NON_LITERAL_NULL_CONVERSION = YES;
				CLANG_WARN_OBJC_IMPLICIT_RETAIN_SELF = YES;
				CLANG_WARN_OBJC_LITERAL_CONVERSION = YES;
				CLANG_WARN_OBJC_ROOT_CLASS = YES_ERROR;
				CLANG_WARN_QUOTED_INCLUDE_IN_FRAMEWORK_HEADER = YES;
				CLANG_WARN_RANGE_LOOP_ANALYSIS = YES;
				CLANG_WARN_STRICT_PROTOTYPES = YES;
				CLANG_WARN_SUSPICIOUS_MOVE = YES;
				CLANG_WARN_UNGUARDED_AVAILABILITY = YES_AGGRESSIVE;
				CLANG_WARN_UNREACHABLE_CODE = YES;
				CLANG_WARN__DUPLICATE_METHOD_MATCH = YES;
				COPY_PHASE_STRIP = NO;
				DEBUG_INFORMATION_FORMAT = dwarf;
				ENABLE_STRICT_OBJC_MSGSEND = YES;
				ENABLE_TESTABILITY = YES;
				ENABLE_USER_SCRIPT_SANDBOXING = YES;
				GCC_C_LANGUAGE_STANDARD = gnu17;
				GCC_DYNAMIC_NO_PIC = NO;
				GCC_NO_COMMON_BLOCKS = YES;
				GCC_OPTIMIZATION_LEVEL = 0;
				GCC_PREPROCESSOR_DEFINITIONS = (
					"DEBUG=1",
					"$(inherited)",
				);
				GCC_WARN_64_TO_32_BIT_CONVERSION = YES;
				GCC_WARN_ABOUT_RETURN_TYPE = YES_ERROR;
				GCC_WARN_UNDECLARED_SELECTOR = YES;
				GCC_WARN_UNINITIALIZED_AUTOS = YES_AGGRESSIVE;
				GCC_WARN_UNUSED_FUNCTION = YES;
				GCC_WARN_UNUSED_VARIABLE = YES;
				IPHONEOS_DEPLOYMENT_TARGET = 17.5;
				LOCALIZATION_PREFERS_STRING_CATALOGS = YES;
				MTL_ENABLE_DEBUG_INFO = INCLUDE_SOURCE;
				MTL_FAST_MATH = YES;
				ONLY_ACTIVE_ARCH = YES;
				SDKROOT = iphoneos;
				SWIFT_ACTIVE_COMPILATION_CONDITIONS = "DEBUG $(inherited)";
				SWIFT_OPTIMIZATION_LEVEL = "-Onone";
			};
			name = Debug;
		};
		8A6A732E2C65556D007592C0 /* Release */ = {
			isa = XCBuildConfiguration;
			buildSettings = {
				ALWAYS_SEARCH_USER_PATHS = NO;
				ASSETCATALOG_COMPILER_GENERATE_SWIFT_ASSET_SYMBOL_EXTENSIONS = YES;
				CLANG_ANALYZER_NONNULL = YES;
				CLANG_ANALYZER_NUMBER_OBJECT_CONVERSION = YES_AGGRESSIVE;
				CLANG_CXX_LANGUAGE_STANDARD = "gnu++20";
				CLANG_ENABLE_MODULES = YES;
				CLANG_ENABLE_OBJC_ARC = YES;
				CLANG_ENABLE_OBJC_WEAK = YES;
				CLANG_WARN_BLOCK_CAPTURE_AUTORELEASING = YES;
				CLANG_WARN_BOOL_CONVERSION = YES;
				CLANG_WARN_COMMA = YES;
				CLANG_WARN_CONSTANT_CONVERSION = YES;
				CLANG_WARN_DEPRECATED_OBJC_IMPLEMENTATIONS = YES;
				CLANG_WARN_DIRECT_OBJC_ISA_USAGE = YES_ERROR;
				CLANG_WARN_DOCUMENTATION_COMMENTS = YES;
				CLANG_WARN_EMPTY_BODY = YES;
				CLANG_WARN_ENUM_CONVERSION = YES;
				CLANG_WARN_INFINITE_RECURSION = YES;
				CLANG_WARN_INT_CONVERSION = YES;
				CLANG_WARN_NON_LITERAL_NULL_CONVERSION = YES;
				CLANG_WARN_OBJC_IMPLICIT_RETAIN_SELF = YES;
				CLANG_WARN_OBJC_LITERAL_CONVERSION = YES;
				CLANG_WARN_OBJC_ROOT_CLASS = YES_ERROR;
				CLANG_WARN_QUOTED_INCLUDE_IN_FRAMEWORK_HEADER = YES;
				CLANG_WARN_RANGE_LOOP_ANALYSIS = YES;
				CLANG_WARN_STRICT_PROTOTYPES = YES;
				CLANG_WARN_SUSPICIOUS_MOVE = YES;
				CLANG_WARN_UNGUARDED_AVAILABILITY = YES_AGGRESSIVE;
				CLANG_WARN_UNREACHABLE_CODE = YES;
				CLANG_WARN__DUPLICATE_METHOD_MATCH = YES;
				COPY_PHASE_STRIP = NO;
				DEBUG_INFORMATION_FORMAT = "dwarf-with-dsym";
				ENABLE_NS_ASSERTIONS = NO;
				ENABLE_STRICT_OBJC_MSGSEND = YES;
				ENABLE_USER_SCRIPT_SANDBOXING = YES;
				GCC_C_LANGUAGE_STANDARD = gnu17;
				GCC_NO_COMMON_BLOCKS = YES;
				GCC_WARN_64_TO_32_BIT_CONVERSION = YES;
				GCC_WARN_ABOUT_RETURN_TYPE = YES_ERROR;
				GCC_WARN_UNDECLARED_SELECTOR = YES;
				GCC_WARN_UNINITIALIZED_AUTOS = YES_AGGRESSIVE;
				GCC_WARN_UNUSED_FUNCTION = YES;
				GCC_WARN_UNUSED_VARIABLE = YES;
				IPHONEOS_DEPLOYMENT_TARGET = 17.5;
				LOCALIZATION_PREFERS_STRING_CATALOGS = YES;
				MTL_ENABLE_DEBUG_INFO = NO;
				MTL_FAST_MATH = YES;
				SDKROOT = iphoneos;
				SWIFT_COMPILATION_MODE = wholemodule;
				VALIDATE_PRODUCT = YES;
			};
			name = Release;
		};
		8A6A73302C65556D007592C0 /* Debug */ = {
			isa = XCBuildConfiguration;
			buildSettings = {
				ASSETCATALOG_COMPILER_APPICON_NAME = AppIcon;
				ASSETCATALOG_COMPILER_GLOBAL_ACCENT_COLOR_NAME = AccentColor;
				CODE_SIGN_STYLE = Automatic;
				CURRENT_PROJECT_VERSION = 1;
				DEVELOPMENT_TEAM = 9B334YL85T;
				ENABLE_USER_SCRIPT_SANDBOXING = NO;
				GENERATE_INFOPLIST_FILE = YES;
				INFOPLIST_FILE = GitHubFollowers/Info.plist;
				INFOPLIST_KEY_CFBundleDisplayName = "GitHub Followers";
				INFOPLIST_KEY_LSApplicationCategoryType = "public.app-category.social-networking";
				INFOPLIST_KEY_UIApplicationSupportsIndirectInputEvents = YES;
				INFOPLIST_KEY_UILaunchStoryboardName = LaunchScreen;
				INFOPLIST_KEY_UISupportedInterfaceOrientations = UIInterfaceOrientationPortrait;
				IPHONEOS_DEPLOYMENT_TARGET = 17.0;
				LD_RUNPATH_SEARCH_PATHS = (
					"$(inherited)",
					"@executable_path/Frameworks",
				);
				MARKETING_VERSION = 1.0.0;
				PRODUCT_BUNDLE_IDENTIFIER = com.automata.GitHubFollowers;
				PRODUCT_NAME = "$(TARGET_NAME)";
				SWIFT_EMIT_LOC_STRINGS = YES;
				SWIFT_VERSION = 5.0;
				TARGETED_DEVICE_FAMILY = "1,2";
			};
			name = Debug;
		};
		8A6A73312C65556D007592C0 /* Release */ = {
			isa = XCBuildConfiguration;
			buildSettings = {
				ASSETCATALOG_COMPILER_APPICON_NAME = AppIcon;
				ASSETCATALOG_COMPILER_GLOBAL_ACCENT_COLOR_NAME = AccentColor;
				CODE_SIGN_STYLE = Automatic;
				CURRENT_PROJECT_VERSION = 1;
				DEVELOPMENT_TEAM = 9B334YL85T;
				ENABLE_USER_SCRIPT_SANDBOXING = NO;
				GENERATE_INFOPLIST_FILE = YES;
				INFOPLIST_FILE = GitHubFollowers/Info.plist;
				INFOPLIST_KEY_CFBundleDisplayName = "GitHub Followers";
				INFOPLIST_KEY_LSApplicationCategoryType = "public.app-category.social-networking";
				INFOPLIST_KEY_UIApplicationSupportsIndirectInputEvents = YES;
				INFOPLIST_KEY_UILaunchStoryboardName = LaunchScreen;
				INFOPLIST_KEY_UISupportedInterfaceOrientations = UIInterfaceOrientationPortrait;
				IPHONEOS_DEPLOYMENT_TARGET = 17.0;
				LD_RUNPATH_SEARCH_PATHS = (
					"$(inherited)",
					"@executable_path/Frameworks",
				);
				MARKETING_VERSION = 1.0.0;
				PRODUCT_BUNDLE_IDENTIFIER = com.automata.GitHubFollowers;
				PRODUCT_NAME = "$(TARGET_NAME)";
				SWIFT_EMIT_LOC_STRINGS = YES;
				SWIFT_VERSION = 5.0;
				TARGETED_DEVICE_FAMILY = "1,2";
			};
			name = Release;
		};
		8A6A73332C65556D007592C0 /* Debug */ = {
			isa = XCBuildConfiguration;
			buildSettings = {
				ALWAYS_EMBED_SWIFT_STANDARD_LIBRARIES = YES;
				BUNDLE_LOADER = "$(TEST_HOST)";
				CODE_SIGN_STYLE = Automatic;
				CURRENT_PROJECT_VERSION = 1;
				DEVELOPMENT_TEAM = 9B334YL85T;
				GENERATE_INFOPLIST_FILE = YES;
				IPHONEOS_DEPLOYMENT_TARGET = 17.5;
				MARKETING_VERSION = 1.0;
				PRODUCT_BUNDLE_IDENTIFIER = com.automata.GitHubFollowersTests;
				PRODUCT_NAME = "$(TARGET_NAME)";
				SWIFT_EMIT_LOC_STRINGS = NO;
				SWIFT_VERSION = 5.0;
				TARGETED_DEVICE_FAMILY = "1,2";
				TEST_HOST = "$(BUILT_PRODUCTS_DIR)/GitHubFollowers.app/$(BUNDLE_EXECUTABLE_FOLDER_PATH)/GitHubFollowers";
			};
			name = Debug;
		};
		8A6A73342C65556D007592C0 /* Release */ = {
			isa = XCBuildConfiguration;
			buildSettings = {
				ALWAYS_EMBED_SWIFT_STANDARD_LIBRARIES = YES;
				BUNDLE_LOADER = "$(TEST_HOST)";
				CODE_SIGN_STYLE = Automatic;
				CURRENT_PROJECT_VERSION = 1;
				DEVELOPMENT_TEAM = 9B334YL85T;
				GENERATE_INFOPLIST_FILE = YES;
				IPHONEOS_DEPLOYMENT_TARGET = 17.5;
				MARKETING_VERSION = 1.0;
				PRODUCT_BUNDLE_IDENTIFIER = com.automata.GitHubFollowersTests;
				PRODUCT_NAME = "$(TARGET_NAME)";
				SWIFT_EMIT_LOC_STRINGS = NO;
				SWIFT_VERSION = 5.0;
				TARGETED_DEVICE_FAMILY = "1,2";
				TEST_HOST = "$(BUILT_PRODUCTS_DIR)/GitHubFollowers.app/$(BUNDLE_EXECUTABLE_FOLDER_PATH)/GitHubFollowers";
			};
			name = Release;
		};
		8A6A73362C65556D007592C0 /* Debug */ = {
			isa = XCBuildConfiguration;
			buildSettings = {
				ALWAYS_EMBED_SWIFT_STANDARD_LIBRARIES = YES;
				CODE_SIGN_STYLE = Automatic;
				CURRENT_PROJECT_VERSION = 1;
				DEVELOPMENT_TEAM = 9B334YL85T;
				GENERATE_INFOPLIST_FILE = YES;
				MARKETING_VERSION = 1.0;
				PRODUCT_BUNDLE_IDENTIFIER = com.automata.GitHubFollowersUITests;
				PRODUCT_NAME = "$(TARGET_NAME)";
				SWIFT_EMIT_LOC_STRINGS = NO;
				SWIFT_VERSION = 5.0;
				TARGETED_DEVICE_FAMILY = "1,2";
				TEST_TARGET_NAME = GitHubFollowers;
			};
			name = Debug;
		};
		8A6A73372C65556D007592C0 /* Release */ = {
			isa = XCBuildConfiguration;
			buildSettings = {
				ALWAYS_EMBED_SWIFT_STANDARD_LIBRARIES = YES;
				CODE_SIGN_STYLE = Automatic;
				CURRENT_PROJECT_VERSION = 1;
				DEVELOPMENT_TEAM = 9B334YL85T;
				GENERATE_INFOPLIST_FILE = YES;
				MARKETING_VERSION = 1.0;
				PRODUCT_BUNDLE_IDENTIFIER = com.automata.GitHubFollowersUITests;
				PRODUCT_NAME = "$(TARGET_NAME)";
				SWIFT_EMIT_LOC_STRINGS = NO;
				SWIFT_VERSION = 5.0;
				TARGETED_DEVICE_FAMILY = "1,2";
				TEST_TARGET_NAME = GitHubFollowers;
			};
			name = Release;
		};
/* End XCBuildConfiguration section */

/* Begin XCConfigurationList section */
		8A6A73002C65556A007592C0 /* Build configuration list for PBXProject "GitHubFollowers" */ = {
			isa = XCConfigurationList;
			buildConfigurations = (
				8A6A732D2C65556D007592C0 /* Debug */,
				8A6A732E2C65556D007592C0 /* Release */,
			);
			defaultConfigurationIsVisible = 0;
			defaultConfigurationName = Release;
		};
		8A6A732F2C65556D007592C0 /* Build configuration list for PBXNativeTarget "GitHubFollowers" */ = {
			isa = XCConfigurationList;
			buildConfigurations = (
				8A6A73302C65556D007592C0 /* Debug */,
				8A6A73312C65556D007592C0 /* Release */,
			);
			defaultConfigurationIsVisible = 0;
			defaultConfigurationName = Release;
		};
		8A6A73322C65556D007592C0 /* Build configuration list for PBXNativeTarget "GitHubFollowersTests" */ = {
			isa = XCConfigurationList;
			buildConfigurations = (
				8A6A73332C65556D007592C0 /* Debug */,
				8A6A73342C65556D007592C0 /* Release */,
			);
			defaultConfigurationIsVisible = 0;
			defaultConfigurationName = Release;
		};
		8A6A73352C65556D007592C0 /* Build configuration list for PBXNativeTarget "GitHubFollowersUITests" */ = {
			isa = XCConfigurationList;
			buildConfigurations = (
				8A6A73362C65556D007592C0 /* Debug */,
				8A6A73372C65556D007592C0 /* Release */,
			);
			defaultConfigurationIsVisible = 0;
			defaultConfigurationName = Release;
		};
/* End XCConfigurationList section */
	};
	rootObject = 8A6A72FD2C65556A007592C0 /* Project object */;
}
